{
  "object": {
    "pins": [
      {
        "package": "Core",
        "repositoryURL": "https://github.com/stixlee/Core.git",
        "state": {
          "branch": null,
          "revision": "dc854f76de535b89b966dbcae42ed30d4569d6f5",
          "version": null
        }
      }
    ]
  },
  "version": 1
}
