{
  "object": {
    "pins": [
      {
        "package": "Core",
        "repositoryURL": "https://github.com/stixlee/Core.git",
        "state": {
          "branch": null,
          "revision": "2a7f8929bc9e073e92f7bca5e548a154dac7b167",
          "version": null
        }
      }
    ]
  },
  "version": 1
}
