{
  "object": {
    "pins": [
      {
        "package": "Core",
        "repositoryURL": "https://github.com/stixlee/Core.git",
        "state": {
          "branch": null,
          "revision": "10c8694351e80957946df7fd0a8343cc3e8d634b",
          "version": null
        }
      }
    ]
  },
  "version": 1
}
